// !$*UTF8*$!
{
	archiveVersion = 1;
	classes = {
	};
	objectVersion = 63;
	objects = {

/* Begin PBXBuildFile section */
		761882922C00957900B59DCE /* DataStore.swift in Sources */ = {isa = PBXBuildFile; fileRef = 761882912C00957900B59DCE /* DataStore.swift */; };
		7640A8EF2BFE18F70009B732 /* AppDelegate.swift in Sources */ = {isa = PBXBuildFile; fileRef = 7640A8EE2BFE18F70009B732 /* AppDelegate.swift */; };
		7640A8F12BFE18F70009B732 /* SceneDelegate.swift in Sources */ = {isa = PBXBuildFile; fileRef = 7640A8F02BFE18F70009B732 /* SceneDelegate.swift */; };
		7640A8F32BFE18F70009B732 /* TableViewController.swift in Sources */ = {isa = PBXBuildFile; fileRef = 7640A8F22BFE18F70009B732 /* TableViewController.swift */; };
		7640A8F62BFE18F70009B732 /* Base in Resources */ = {isa = PBXBuildFile; fileRef = 7640A8F52BFE18F70009B732 /* Base */; };
		7640A8F82BFE18F80009B732 /* Assets.xcassets in Resources */ = {isa = PBXBuildFile; fileRef = 7640A8F72BFE18F80009B732 /* Assets.xcassets */; };
		7640A8FB2BFE18F80009B732 /* Base in Resources */ = {isa = PBXBuildFile; fileRef = 7640A8FA2BFE18F80009B732 /* Base */; };
		7640A9032BFE19120009B732 /* WeatherData.swift in Sources */ = {isa = PBXBuildFile; fileRef = 7640A9022BFE19120009B732 /* WeatherData.swift */; };
		7640A9062BFE194C0009B732 /* Alamofire in Frameworks */ = {isa = PBXBuildFile; productRef = 7640A9052BFE194C0009B732 /* Alamofire */; };
		7640A9082BFE33960009B732 /* NetworkManager.swift in Sources */ = {isa = PBXBuildFile; fileRef = 7640A9072BFE33960009B732 /* NetworkManager.swift */; };
		76AF1B722BFF5FDC00A4E4CB /* Weather.swift in Sources */ = {isa = PBXBuildFile; fileRef = 76AF1B712BFF5FDC00A4E4CB /* Weather.swift */; };
		76AF1B742BFF682000A4E4CB /* WeatherTableViewCell.swift in Sources */ = {isa = PBXBuildFile; fileRef = 76AF1B732BFF682000A4E4CB /* WeatherTableViewCell.swift */; };
		76AF1B762BFF899A00A4E4CB /* DetailViewController.swift in Sources */ = {isa = PBXBuildFile; fileRef = 76AF1B752BFF899A00A4E4CB /* DetailViewController.swift */; };
/* End PBXBuildFile section */

/* Begin PBXFileReference section */
		761882912C00957900B59DCE /* DataStore.swift */ = {isa = PBXFileReference; lastKnownFileType = sourcecode.swift; path = DataStore.swift; sourceTree = "<group>"; };
		7640A8EB2BFE18F70009B732 /* WeatherYandexApp.app */ = {isa = PBXFileReference; explicitFileType = wrapper.application; includeInIndex = 0; path = WeatherYandexApp.app; sourceTree = BUILT_PRODUCTS_DIR; };
		7640A8EE2BFE18F70009B732 /* AppDelegate.swift */ = {isa = PBXFileReference; lastKnownFileType = sourcecode.swift; path = AppDelegate.swift; sourceTree = "<group>"; };
		7640A8F02BFE18F70009B732 /* SceneDelegate.swift */ = {isa = PBXFileReference; lastKnownFileType = sourcecode.swift; path = SceneDelegate.swift; sourceTree = "<group>"; };
		7640A8F22BFE18F70009B732 /* TableViewController.swift */ = {isa = PBXFileReference; lastKnownFileType = sourcecode.swift; path = TableViewController.swift; sourceTree = "<group>"; };
		7640A8F52BFE18F70009B732 /* Base */ = {isa = PBXFileReference; lastKnownFileType = file.storyboard; name = Base; path = Base.lproj/Main.storyboard; sourceTree = "<group>"; };
		7640A8F72BFE18F80009B732 /* Assets.xcassets */ = {isa = PBXFileReference; lastKnownFileType = folder.assetcatalog; path = Assets.xcassets; sourceTree = "<group>"; };
		7640A8FA2BFE18F80009B732 /* Base */ = {isa = PBXFileReference; lastKnownFileType = file.storyboard; name = Base; path = Base.lproj/LaunchScreen.storyboard; sourceTree = "<group>"; };
		7640A8FC2BFE18F80009B732 /* Info.plist */ = {isa = PBXFileReference; lastKnownFileType = text.plist.xml; path = Info.plist; sourceTree = "<group>"; };
		7640A9022BFE19120009B732 /* WeatherData.swift */ = {isa = PBXFileReference; lastKnownFileType = sourcecode.swift; path = WeatherData.swift; sourceTree = "<group>"; };
		7640A9072BFE33960009B732 /* NetworkManager.swift */ = {isa = PBXFileReference; lastKnownFileType = sourcecode.swift; path = NetworkManager.swift; sourceTree = "<group>"; };
		76AF1B712BFF5FDC00A4E4CB /* Weather.swift */ = {isa = PBXFileReference; lastKnownFileType = sourcecode.swift; path = Weather.swift; sourceTree = "<group>"; };
		76AF1B732BFF682000A4E4CB /* WeatherTableViewCell.swift */ = {isa = PBXFileReference; lastKnownFileType = sourcecode.swift; path = WeatherTableViewCell.swift; sourceTree = "<group>"; };
		76AF1B752BFF899A00A4E4CB /* DetailViewController.swift */ = {isa = PBXFileReference; lastKnownFileType = sourcecode.swift; path = DetailViewController.swift; sourceTree = "<group>"; };
/* End PBXFileReference section */

/* Begin PBXFrameworksBuildPhase section */
		7640A8E82BFE18F70009B732 /* Frameworks */ = {
			isa = PBXFrameworksBuildPhase;
			buildActionMask = 2147483647;
			files = (
				7640A9062BFE194C0009B732 /* Alamofire in Frameworks */,
			);
			runOnlyForDeploymentPostprocessing = 0;
		};
/* End PBXFrameworksBuildPhase section */

/* Begin PBXGroup section */
		7640A8E22BFE18F70009B732 = {
			isa = PBXGroup;
			children = (
				7640A8ED2BFE18F70009B732 /* WeatherYandexApp */,
				7640A8EC2BFE18F70009B732 /* Products */,
			);
			sourceTree = "<group>";
		};
		7640A8EC2BFE18F70009B732 /* Products */ = {
			isa = PBXGroup;
			children = (
				7640A8EB2BFE18F70009B732 /* WeatherYandexApp.app */,
			);
			name = Products;
			sourceTree = "<group>";
		};
		7640A8ED2BFE18F70009B732 /* WeatherYandexApp */ = {
			isa = PBXGroup;
			children = (
				7640A8EE2BFE18F70009B732 /* AppDelegate.swift */,
				7640A8F02BFE18F70009B732 /* SceneDelegate.swift */,
				76AF1B702BFF57EF00A4E4CB /* Views */,
				7640A90A2BFE33BE0009B732 /* Services */,
				7640A9092BFE33B40009B732 /* Models */,
				7640A8F42BFE18F70009B732 /* Main.storyboard */,
				7640A8F72BFE18F80009B732 /* Assets.xcassets */,
				7640A8F92BFE18F80009B732 /* LaunchScreen.storyboard */,
				7640A8FC2BFE18F80009B732 /* Info.plist */,
			);
			path = WeatherYandexApp;
			sourceTree = "<group>";
		};
		7640A9092BFE33B40009B732 /* Models */ = {
			isa = PBXGroup;
			children = (
				76AF1B712BFF5FDC00A4E4CB /* Weather.swift */,
			);
			path = Models;
			sourceTree = "<group>";
		};
		7640A90A2BFE33BE0009B732 /* Services */ = {
			isa = PBXGroup;
			children = (
				7640A9072BFE33960009B732 /* NetworkManager.swift */,
				7640A9022BFE19120009B732 /* WeatherData.swift */,
				761882912C00957900B59DCE /* DataStore.swift */,
			);
			path = Services;
			sourceTree = "<group>";
		};
		76AF1B702BFF57EF00A4E4CB /* Views */ = {
			isa = PBXGroup;
			children = (
				7640A8F22BFE18F70009B732 /* TableViewController.swift */,
				76AF1B732BFF682000A4E4CB /* WeatherTableViewCell.swift */,
				76AF1B752BFF899A00A4E4CB /* DetailViewController.swift */,
			);
			path = Views;
			sourceTree = "<group>";
		};
/* End PBXGroup section */

/* Begin PBXNativeTarget section */
		7640A8EA2BFE18F70009B732 /* WeatherYandexApp */ = {
			isa = PBXNativeTarget;
			buildConfigurationList = 7640A8FF2BFE18F80009B732 /* Build configuration list for PBXNativeTarget "WeatherYandexApp" */;
			buildPhases = (
				7640A8E72BFE18F70009B732 /* Sources */,
				7640A8E82BFE18F70009B732 /* Frameworks */,
				7640A8E92BFE18F70009B732 /* Resources */,
			);
			buildRules = (
			);
			dependencies = (
			);
			name = WeatherYandexApp;
			packageProductDependencies = (
				7640A9052BFE194C0009B732 /* Alamofire */,
			);
			productName = Test2;
			productReference = 7640A8EB2BFE18F70009B732 /* WeatherYandexApp.app */;
			productType = "com.apple.product-type.application";
		};
/* End PBXNativeTarget section */

/* Begin PBXProject section */
		7640A8E32BFE18F70009B732 /* Project object */ = {
			isa = PBXProject;
			attributes = {
				BuildIndependentTargetsInParallel = 1;
				LastSwiftUpdateCheck = 1540;
				LastUpgradeCheck = 1540;
				TargetAttributes = {
					7640A8EA2BFE18F70009B732 = {
						CreatedOnToolsVersion = 15.4;
					};
				};
			};
			buildConfigurationList = 7640A8E62BFE18F70009B732 /* Build configuration list for PBXProject "WeatherYandexApp" */;
			compatibilityVersion = "Xcode 15.3";
			developmentRegion = en;
			hasScannedForEncodings = 0;
			knownRegions = (
				en,
				Base,
			);
			mainGroup = 7640A8E22BFE18F70009B732;
			packageReferences = (
				7640A9042BFE194C0009B732 /* XCRemoteSwiftPackageReference "Alamofire" */,
			);
			productRefGroup = 7640A8EC2BFE18F70009B732 /* Products */;
			projectDirPath = "";
			projectRoot = "";
			targets = (
				7640A8EA2BFE18F70009B732 /* WeatherYandexApp */,
			);
		};
/* End PBXProject section */

/* Begin PBXResourcesBuildPhase section */
		7640A8E92BFE18F70009B732 /* Resources */ = {
			isa = PBXResourcesBuildPhase;
			buildActionMask = 2147483647;
			files = (
				7640A8F82BFE18F80009B732 /* Assets.xcassets in Resources */,
				7640A8FB2BFE18F80009B732 /* Base in Resources */,
				7640A8F62BFE18F70009B732 /* Base in Resources */,
			);
			runOnlyForDeploymentPostprocessing = 0;
		};
/* End PBXResourcesBuildPhase section */

/* Begin PBXSourcesBuildPhase section */
		7640A8E72BFE18F70009B732 /* Sources */ = {
			isa = PBXSourcesBuildPhase;
			buildActionMask = 2147483647;
			files = (
				7640A9032BFE19120009B732 /* WeatherData.swift in Sources */,
				7640A8F32BFE18F70009B732 /* TableViewController.swift in Sources */,
				76AF1B742BFF682000A4E4CB /* WeatherTableViewCell.swift in Sources */,
				7640A9082BFE33960009B732 /* NetworkManager.swift in Sources */,
				7640A8EF2BFE18F70009B732 /* AppDelegate.swift in Sources */,
				76AF1B722BFF5FDC00A4E4CB /* Weather.swift in Sources */,
				7640A8F12BFE18F70009B732 /* SceneDelegate.swift in Sources */,
				761882922C00957900B59DCE /* DataStore.swift in Sources */,
				76AF1B762BFF899A00A4E4CB /* DetailViewController.swift in Sources */,
			);
			runOnlyForDeploymentPostprocessing = 0;
		};
/* End PBXSourcesBuildPhase section */

/* Begin PBXVariantGroup section */
		7640A8F42BFE18F70009B732 /* Main.storyboard */ = {
			isa = PBXVariantGroup;
			children = (
				7640A8F52BFE18F70009B732 /* Base */,
			);
			name = Main.storyboard;
			sourceTree = "<group>";
		};
		7640A8F92BFE18F80009B732 /* LaunchScreen.storyboard */ = {
			isa = PBXVariantGroup;
			children = (
				7640A8FA2BFE18F80009B732 /* Base */,
			);
			name = LaunchScreen.storyboard;
			sourceTree = "<group>";
		};
/* End PBXVariantGroup section */

/* Begin XCBuildConfiguration section */
		7640A8FD2BFE18F80009B732 /* Debug */ = {
			isa = XCBuildConfiguration;
			buildSettings = {
				ALWAYS_SEARCH_USER_PATHS = NO;
				ASSETCATALOG_COMPILER_GENERATE_SWIFT_ASSET_SYMBOL_EXTENSIONS = YES;
				CLANG_ANALYZER_NONNULL = YES;
				CLANG_ANALYZER_NUMBER_OBJECT_CONVERSION = YES_AGGRESSIVE;
				CLANG_CXX_LANGUAGE_STANDARD = "gnu++20";
				CLANG_ENABLE_MODULES = YES;
				CLANG_ENABLE_OBJC_ARC = YES;
				CLANG_ENABLE_OBJC_WEAK = YES;
				CLANG_WARN_BLOCK_CAPTURE_AUTORELEASING = YES;
				CLANG_WARN_BOOL_CONVERSION = YES;
				CLANG_WARN_COMMA = YES;
				CLANG_WARN_CONSTANT_CONVERSION = YES;
				CLANG_WARN_DEPRECATED_OBJC_IMPLEMENTATIONS = YES;
				CLANG_WARN_DIRECT_OBJC_ISA_USAGE = YES_ERROR;
				CLANG_WARN_DOCUMENTATION_COMMENTS = YES;
				CLANG_WARN_EMPTY_BODY = YES;
				CLANG_WARN_ENUM_CONVERSION = YES;
				CLANG_WARN_INFINITE_RECURSION = YES;
				CLANG_WARN_INT_CONVERSION = YES;
				CLANG_WARN_NON_LITERAL_NULL_CONVERSION = YES;
				CLANG_WARN_OBJC_IMPLICIT_RETAIN_SELF = YES;
				CLANG_WARN_OBJC_LITERAL_CONVERSION = YES;
				CLANG_WARN_OBJC_ROOT_CLASS = YES_ERROR;
				CLANG_WARN_QUOTED_INCLUDE_IN_FRAMEWORK_HEADER = YES;
				CLANG_WARN_RANGE_LOOP_ANALYSIS = YES;
				CLANG_WARN_STRICT_PROTOTYPES = YES;
				CLANG_WARN_SUSPICIOUS_MOVE = YES;
				CLANG_WARN_UNGUARDED_AVAILABILITY = YES_AGGRESSIVE;
				CLANG_WARN_UNREACHABLE_CODE = YES;
				CLANG_WARN__DUPLICATE_METHOD_MATCH = YES;
				COPY_PHASE_STRIP = NO;
				DEBUG_INFORMATION_FORMAT = dwarf;
				ENABLE_STRICT_OBJC_MSGSEND = YES;
				ENABLE_TESTABILITY = YES;
				ENABLE_USER_SCRIPT_SANDBOXING = YES;
				GCC_C_LANGUAGE_STANDARD = gnu17;
				GCC_DYNAMIC_NO_PIC = NO;
				GCC_NO_COMMON_BLOCKS = YES;
				GCC_OPTIMIZATION_LEVEL = 0;
				GCC_PREPROCESSOR_DEFINITIONS = (
					"DEBUG=1",
					"$(inherited)",
				);
				GCC_WARN_64_TO_32_BIT_CONVERSION = YES;
				GCC_WARN_ABOUT_RETURN_TYPE = YES_ERROR;
				GCC_WARN_UNDECLARED_SELECTOR = YES;
				GCC_WARN_UNINITIALIZED_AUTOS = YES_AGGRESSIVE;
				GCC_WARN_UNUSED_FUNCTION = YES;
				GCC_WARN_UNUSED_VARIABLE = YES;
				IPHONEOS_DEPLOYMENT_TARGET = 17.5;
				LOCALIZATION_PREFERS_STRING_CATALOGS = YES;
				MTL_ENABLE_DEBUG_INFO = INCLUDE_SOURCE;
				MTL_FAST_MATH = YES;
				ONLY_ACTIVE_ARCH = YES;
				SDKROOT = iphoneos;
				SWIFT_ACTIVE_COMPILATION_CONDITIONS = "DEBUG $(inherited)";
				SWIFT_OPTIMIZATION_LEVEL = "-Onone";
			};
			name = Debug;
		};
		7640A8FE2BFE18F80009B732 /* Release */ = {
			isa = XCBuildConfiguration;
			buildSettings = {
				ALWAYS_SEARCH_USER_PATHS = NO;
				ASSETCATALOG_COMPILER_GENERATE_SWIFT_ASSET_SYMBOL_EXTENSIONS = YES;
				CLANG_ANALYZER_NONNULL = YES;
				CLANG_ANALYZER_NUMBER_OBJECT_CONVERSION = YES_AGGRESSIVE;
				CLANG_CXX_LANGUAGE_STANDARD = "gnu++20";
				CLANG_ENABLE_MODULES = YES;
				CLANG_ENABLE_OBJC_ARC = YES;
				CLANG_ENABLE_OBJC_WEAK = YES;
				CLANG_WARN_BLOCK_CAPTURE_AUTORELEASING = YES;
				CLANG_WARN_BOOL_CONVERSION = YES;
				CLANG_WARN_COMMA = YES;
				CLANG_WARN_CONSTANT_CONVERSION = YES;
				CLANG_WARN_DEPRECATED_OBJC_IMPLEMENTATIONS = YES;
				CLANG_WARN_DIRECT_OBJC_ISA_USAGE = YES_ERROR;
				CLANG_WARN_DOCUMENTATION_COMMENTS = YES;
				CLANG_WARN_EMPTY_BODY = YES;
				CLANG_WARN_ENUM_CONVERSION = YES;
				CLANG_WARN_INFINITE_RECURSION = YES;
				CLANG_WARN_INT_CONVERSION = YES;
				CLANG_WARN_NON_LITERAL_NULL_CONVERSION = YES;
				CLANG_WARN_OBJC_IMPLICIT_RETAIN_SELF = YES;
				CLANG_WARN_OBJC_LITERAL_CONVERSION = YES;
				CLANG_WARN_OBJC_ROOT_CLASS = YES_ERROR;
				CLANG_WARN_QUOTED_INCLUDE_IN_FRAMEWORK_HEADER = YES;
				CLANG_WARN_RANGE_LOOP_ANALYSIS = YES;
				CLANG_WARN_STRICT_PROTOTYPES = YES;
				CLANG_WARN_SUSPICIOUS_MOVE = YES;
				CLANG_WARN_UNGUARDED_AVAILABILITY = YES_AGGRESSIVE;
				CLANG_WARN_UNREACHABLE_CODE = YES;
				CLANG_WARN__DUPLICATE_METHOD_MATCH = YES;
				COPY_PHASE_STRIP = NO;
				DEBUG_INFORMATION_FORMAT = "dwarf-with-dsym";
				ENABLE_NS_ASSERTIONS = NO;
				ENABLE_STRICT_OBJC_MSGSEND = YES;
				ENABLE_USER_SCRIPT_SANDBOXING = YES;
				GCC_C_LANGUAGE_STANDARD = gnu17;
				GCC_NO_COMMON_BLOCKS = YES;
				GCC_WARN_64_TO_32_BIT_CONVERSION = YES;
				GCC_WARN_ABOUT_RETURN_TYPE = YES_ERROR;
				GCC_WARN_UNDECLARED_SELECTOR = YES;
				GCC_WARN_UNINITIALIZED_AUTOS = YES_AGGRESSIVE;
				GCC_WARN_UNUSED_FUNCTION = YES;
				GCC_WARN_UNUSED_VARIABLE = YES;
				IPHONEOS_DEPLOYMENT_TARGET = 17.5;
				LOCALIZATION_PREFERS_STRING_CATALOGS = YES;
				MTL_ENABLE_DEBUG_INFO = NO;
				MTL_FAST_MATH = YES;
				SDKROOT = iphoneos;
				SWIFT_COMPILATION_MODE = wholemodule;
				VALIDATE_PRODUCT = YES;
			};
			name = Release;
		};
		7640A9002BFE18F80009B732 /* Debug */ = {
			isa = XCBuildConfiguration;
			buildSettings = {
				ASSETCATALOG_COMPILER_APPICON_NAME = AppIcon;
				ASSETCATALOG_COMPILER_GLOBAL_ACCENT_COLOR_NAME = AccentColor;
				CODE_SIGN_STYLE = Automatic;
				CURRENT_PROJECT_VERSION = 1;
				DEVELOPMENT_TEAM = 457HW9WV33;
				GENERATE_INFOPLIST_FILE = YES;
				INFOPLIST_FILE = WeatherYandexApp/Info.plist;
				INFOPLIST_KEY_UIApplicationSupportsIndirectInputEvents = YES;
				INFOPLIST_KEY_UILaunchStoryboardName = LaunchScreen;
				INFOPLIST_KEY_UIMainStoryboardFile = Main;
				INFOPLIST_KEY_UISupportedInterfaceOrientations = UIInterfaceOrientationPortrait;
				INFOPLIST_KEY_UISupportedInterfaceOrientations_iPad = "UIInterfaceOrientationLandscapeLeft UIInterfaceOrientationLandscapeRight UIInterfaceOrientationPortrait UIInterfaceOrientationPortraitUpsideDown";
				IPHONEOS_DEPLOYMENT_TARGET = 17.5;
				LD_RUNPATH_SEARCH_PATHS = (
					"$(inherited)",
					"@executable_path/Frameworks",
				);
				MARKETING_VERSION = 1.0;
				PRODUCT_BUNDLE_IDENTIFIER = home.WeatherYandex;
				PRODUCT_NAME = "$(TARGET_NAME)";
				SUPPORTED_PLATFORMS = "iphoneos iphonesimulator";
				SUPPORTS_MACCATALYST = NO;
				SUPPORTS_MAC_DESIGNED_FOR_IPHONE_IPAD = NO;
				SUPPORTS_XR_DESIGNED_FOR_IPHONE_IPAD = NO;
				SWIFT_EMIT_LOC_STRINGS = YES;
				SWIFT_VERSION = 5.0;
				TARGETED_DEVICE_FAMILY = 1;
			};
			name = Debug;
		};
		7640A9012BFE18F80009B732 /* Release */ = {
			isa = XCBuildConfiguration;
			buildSettings = {
				ASSETCATALOG_COMPILER_APPICON_NAME = AppIcon;
				ASSETCATALOG_COMPILER_GLOBAL_ACCENT_COLOR_NAME = AccentColor;
				CODE_SIGN_STYLE = Automatic;
				CURRENT_PROJECT_VERSION = 1;
				DEVELOPMENT_TEAM = 457HW9WV33;
				GENERATE_INFOPLIST_FILE = YES;
				INFOPLIST_FILE = WeatherYandexApp/Info.plist;
				INFOPLIST_KEY_UIApplicationSupportsIndirectInputEvents = YES;
				INFOPLIST_KEY_UILaunchStoryboardName = LaunchScreen;
				INFOPLIST_KEY_UIMainStoryboardFile = Main;
				INFOPLIST_KEY_UISupportedInterfaceOrientations = UIInterfaceOrientationPortrait;
				INFOPLIST_KEY_UISupportedInterfaceOrientations_iPad = "UIInterfaceOrientationLandscapeLeft UIInterfaceOrientationLandscapeRight UIInterfaceOrientationPortrait UIInterfaceOrientationPortraitUpsideDown";
				IPHONEOS_DEPLOYMENT_TARGET = 17.5;
				LD_RUNPATH_SEARCH_PATHS = (
					"$(inherited)",
					"@executable_path/Frameworks",
				);
				MARKETING_VERSION = 1.0;
				PRODUCT_BUNDLE_IDENTIFIER = home.WeatherYandex;
				PRODUCT_NAME = "$(TARGET_NAME)";
				SUPPORTED_PLATFORMS = "iphoneos iphonesimulator";
				SUPPORTS_MACCATALYST = NO;
				SUPPORTS_MAC_DESIGNED_FOR_IPHONE_IPAD = NO;
				SUPPORTS_XR_DESIGNED_FOR_IPHONE_IPAD = NO;
				SWIFT_EMIT_LOC_STRINGS = YES;
				SWIFT_VERSION = 5.0;
				TARGETED_DEVICE_FAMILY = 1;
			};
			name = Release;
		};
/* End XCBuildConfiguration section */

/* Begin XCConfigurationList section */
		7640A8E62BFE18F70009B732 /* Build configuration list for PBXProject "WeatherYandexApp" */ = {
			isa = XCConfigurationList;
			buildConfigurations = (
				7640A8FD2BFE18F80009B732 /* Debug */,
				7640A8FE2BFE18F80009B732 /* Release */,
			);
			defaultConfigurationIsVisible = 0;
			defaultConfigurationName = Release;
		};
		7640A8FF2BFE18F80009B732 /* Build configuration list for PBXNativeTarget "WeatherYandexApp" */ = {
			isa = XCConfigurationList;
			buildConfigurations = (
				7640A9002BFE18F80009B732 /* Debug */,
				7640A9012BFE18F80009B732 /* Release */,
			);
			defaultConfigurationIsVisible = 0;
			defaultConfigurationName = Release;
		};
/* End XCConfigurationList section */

/* Begin XCRemoteSwiftPackageReference section */
		7640A9042BFE194C0009B732 /* XCRemoteSwiftPackageReference "Alamofire" */ = {
			isa = XCRemoteSwiftPackageReference;
			repositoryURL = "https://github.com/Alamofire/Alamofire";
			requirement = {
				kind = exactVersion;
				version = 5.0.0;
			};
		};
/* End XCRemoteSwiftPackageReference section */

/* Begin XCSwiftPackageProductDependency section */
		7640A9052BFE194C0009B732 /* Alamofire */ = {
			isa = XCSwiftPackageProductDependency;
			package = 7640A9042BFE194C0009B732 /* XCRemoteSwiftPackageReference "Alamofire" */;
			productName = Alamofire;
		};
/* End XCSwiftPackageProductDependency section */
	};
	rootObject = 7640A8E32BFE18F70009B732 /* Project object */;
}
